
Microsoft Visual Studio Solution File, Format Version 12.00
# Visual Studio 14
VisualStudioVersion = 14.0.25420.1
MinimumVisualStudioVersion = 10.0.40219.1
Project("{FAE04EC0-301F-11D3-BF4B-00C04F79EFBC}") = "AuthorsStudio.UI.Desktop.Windows", "AuthorsStudio.UI.Desktop.Windows\AuthorsStudio.UI.Desktop.Windows.csproj", "{8EBB9885-C38F-41FA-A3A1-05A9CB744451}"
EndProject
Project("{FAE04EC0-301F-11D3-BF4B-00C04F79EFBC}") = "AuthorsStudio.Models", "AuthorsStudio.Models\AuthorsStudio.Models.csproj", "{1F6A4199-D042-4F5D-93D7-5C007D86A502}"
EndProject
Project("{FAE04EC0-301F-11D3-BF4B-00C04F79EFBC}") = "AuthorsStudio.IO.Windows", "AuthorsStudio.IO.Windows\AuthorsStudio.IO.Windows.csproj", "{EE3FF65F-BB63-4ACB-B59C-1FAF491FCE16}"
EndProject
Project("{FAE04EC0-301F-11D3-BF4B-00C04F79EFBC}") = "AuthorsStudio.IO.Interfaces", "AuthorsStudio.IO.Interfaces\AuthorsStudio.IO.Interfaces.csproj", "{3E5F4963-63D9-426A-AC17-E9A2D1AB0186}"
EndProject
Global
	GlobalSection(SolutionConfigurationPlatforms) = preSolution
		Debug|Any CPU = Debug|Any CPU
		Release|Any CPU = Release|Any CPU
	EndGlobalSection
	GlobalSection(ProjectConfigurationPlatforms) = postSolution
		{8EBB9885-C38F-41FA-A3A1-05A9CB744451}.Debug|Any CPU.ActiveCfg = Debug|Any CPU
		{8EBB9885-C38F-41FA-A3A1-05A9CB744451}.Debug|Any CPU.Build.0 = Debug|Any CPU
		{8EBB9885-C38F-41FA-A3A1-05A9CB744451}.Release|Any CPU.ActiveCfg = Release|Any CPU
		{8EBB9885-C38F-41FA-A3A1-05A9CB744451}.Release|Any CPU.Build.0 = Release|Any CPU
		{1F6A4199-D042-4F5D-93D7-5C007D86A502}.Debug|Any CPU.ActiveCfg = Debug|Any CPU
		{1F6A4199-D042-4F5D-93D7-5C007D86A502}.Debug|Any CPU.Build.0 = Debug|Any CPU
		{1F6A4199-D042-4F5D-93D7-5C007D86A502}.Release|Any CPU.ActiveCfg = Release|Any CPU
		{1F6A4199-D042-4F5D-93D7-5C007D86A502}.Release|Any CPU.Build.0 = Release|Any CPU
		{EE3FF65F-BB63-4ACB-B59C-1FAF491FCE16}.Debug|Any CPU.ActiveCfg = Debug|Any CPU
		{EE3FF65F-BB63-4ACB-B59C-1FAF491FCE16}.Debug|Any CPU.Build.0 = Debug|Any CPU
		{EE3FF65F-BB63-4ACB-B59C-1FAF491FCE16}.Release|Any CPU.ActiveCfg = Release|Any CPU
		{EE3FF65F-BB63-4ACB-B59C-1FAF491FCE16}.Release|Any CPU.Build.0 = Release|Any CPU
		{3E5F4963-63D9-426A-AC17-E9A2D1AB0186}.Debug|Any CPU.ActiveCfg = Debug|Any CPU
		{3E5F4963-63D9-426A-AC17-E9A2D1AB0186}.Debug|Any CPU.Build.0 = Debug|Any CPU
		{3E5F4963-63D9-426A-AC17-E9A2D1AB0186}.Release|Any CPU.ActiveCfg = Release|Any CPU
		{3E5F4963-63D9-426A-AC17-E9A2D1AB0186}.Release|Any CPU.Build.0 = Release|Any CPU
	EndGlobalSection
	GlobalSection(SolutionProperties) = preSolution
		HideSolutionNode = FALSE
	EndGlobalSection
EndGlobal
